
Microsoft Visual Studio Solution File, Format Version 12.00
# Visual Studio Version 16
VisualStudioVersion = 16.0.30503.244
MinimumVisualStudioVersion = 10.0.40219.1
Project("{FAE04EC0-301F-11D3-BF4B-00C04F79EFBC}") = "OutlookAddIn1", "OutlookAddIn1\OutlookAddIn1.csproj", "{6C0A693E-AD28-45EA-A0AB-86E4E22A65C9}"
EndProject
Global
	GlobalSection(SolutionConfigurationPlatforms) = preSolution
		Debug|Any CPU = Debug|Any CPU
		Release|Any CPU = Release|Any CPU
	EndGlobalSection
	GlobalSection(ProjectConfigurationPlatforms) = postSolution
		{6C0A693E-AD28-45EA-A0AB-86E4E22A65C9}.Debug|Any CPU.ActiveCfg = Debug|Any CPU
		{6C0A693E-AD28-45EA-A0AB-86E4E22A65C9}.Debug|Any CPU.Build.0 = Debug|Any CPU
		{6C0A693E-AD28-45EA-A0AB-86E4E22A65C9}.Release|Any CPU.ActiveCfg = Release|Any CPU
		{6C0A693E-AD28-45EA-A0AB-86E4E22A65C9}.Release|Any CPU.Build.0 = Release|Any CPU
	EndGlobalSection
	GlobalSection(SolutionProperties) = preSolution
		HideSolutionNode = FALSE
	EndGlobalSection
	GlobalSection(ExtensibilityGlobals) = postSolution
		SolutionGuid = {73E75D1B-E658-403C-9DFE-32EB476EE747}
	EndGlobalSection
EndGlobal
